
Microsoft Visual Studio Solution File, Format Version 12.00
# Visual Studio Version 17
VisualStudioVersion = 17.7.34018.315
MinimumVisualStudioVersion = 10.0.40219.1
Project("{FAE04EC0-301F-11D3-BF4B-00C04F79EFBC}") = "ConsoleApp6", "ConsoleApp6\ConsoleApp6.csproj", "{0EF20A82-F72C-49FB-9778-3E35542B7FCE}"
EndProject
Global
	GlobalSection(SolutionConfigurationPlatforms) = preSolution
		Debug|Any CPU = Debug|Any CPU
		Release|Any CPU = Release|Any CPU
	EndGlobalSection
	GlobalSection(ProjectConfigurationPlatforms) = postSolution
		{0EF20A82-F72C-49FB-9778-3E35542B7FCE}.Debug|Any CPU.ActiveCfg = Debug|Any CPU
		{0EF20A82-F72C-49FB-9778-3E35542B7FCE}.Debug|Any CPU.Build.0 = Debug|Any CPU
		{0EF20A82-F72C-49FB-9778-3E35542B7FCE}.Release|Any CPU.ActiveCfg = Release|Any CPU
		{0EF20A82-F72C-49FB-9778-3E35542B7FCE}.Release|Any CPU.Build.0 = Release|Any CPU
	EndGlobalSection
	GlobalSection(SolutionProperties) = preSolution
		HideSolutionNode = FALSE
	EndGlobalSection
	GlobalSection(ExtensibilityGlobals) = postSolution
		SolutionGuid = {A85EFE7E-2C9B-4A42-81CD-8492A8B27E24}
	EndGlobalSection
EndGlobal
